
Microsoft Visual Studio Solution File, Format Version 12.00
Project("{2150E333-8FDC-42A3-9474-1A3956D46DE8}") = "Services", "Services", "{98823769-C09C-4EAD-AA8E-84A937A4CF93}"
EndProject
Project("{2150E333-8FDC-42A3-9474-1A3956D46DE8}") = "Catalog", "Catalog", "{E2F244BF-C494-4957-8FC2-9B28A2FCD009}"
EndProject
Project("{FAE04EC0-301F-11D3-BF4B-00C04F79EFBC}") = "Catalog", "Catalog\Catalog.csproj", "{3A86A8BB-9499-4676-BDEC-63E643E2B612}"
EndProject
Project("{2150E333-8FDC-42A3-9474-1A3956D46DE8}") = "Basket", "Basket", "{7EFC4723-E562-4CFC-9BB1-1BE14D60A544}"
EndProject
Project("{FAE04EC0-301F-11D3-BF4B-00C04F79EFBC}") = "Basket", "Basket\Basket.csproj", "{CEFDFF07-57C3-4A9D-BFEB-8846EEE0DDE4}"
EndProject
Project("{2150E333-8FDC-42A3-9474-1A3956D46DE8}") = "Discount", "Discount", "{2DD75BD8-FB17-46B7-9A34-BAFB748108D5}"
EndProject
Project("{FAE04EC0-301F-11D3-BF4B-00C04F79EFBC}") = "Discount", "Discount\Discount.csproj", "{E97B3209-442B-40D6-8208-ED04B47CE89A}"
EndProject
Global
	GlobalSection(SolutionConfigurationPlatforms) = preSolution
		Debug|Any CPU = Debug|Any CPU
		Release|Any CPU = Release|Any CPU
	EndGlobalSection
	GlobalSection(NestedProjects) = preSolution
		{E2F244BF-C494-4957-8FC2-9B28A2FCD009} = {98823769-C09C-4EAD-AA8E-84A937A4CF93}
		{3A86A8BB-9499-4676-BDEC-63E643E2B612} = {E2F244BF-C494-4957-8FC2-9B28A2FCD009}
		{7EFC4723-E562-4CFC-9BB1-1BE14D60A544} = {98823769-C09C-4EAD-AA8E-84A937A4CF93}
		{CEFDFF07-57C3-4A9D-BFEB-8846EEE0DDE4} = {7EFC4723-E562-4CFC-9BB1-1BE14D60A544}
		{2DD75BD8-FB17-46B7-9A34-BAFB748108D5} = {98823769-C09C-4EAD-AA8E-84A937A4CF93}
		{E97B3209-442B-40D6-8208-ED04B47CE89A} = {2DD75BD8-FB17-46B7-9A34-BAFB748108D5}
	EndGlobalSection
	GlobalSection(ProjectConfigurationPlatforms) = postSolution
		{3A86A8BB-9499-4676-BDEC-63E643E2B612}.Debug|Any CPU.ActiveCfg = Debug|Any CPU
		{3A86A8BB-9499-4676-BDEC-63E643E2B612}.Debug|Any CPU.Build.0 = Debug|Any CPU
		{3A86A8BB-9499-4676-BDEC-63E643E2B612}.Release|Any CPU.ActiveCfg = Release|Any CPU
		{3A86A8BB-9499-4676-BDEC-63E643E2B612}.Release|Any CPU.Build.0 = Release|Any CPU
		{CEFDFF07-57C3-4A9D-BFEB-8846EEE0DDE4}.Debug|Any CPU.ActiveCfg = Debug|Any CPU
		{CEFDFF07-57C3-4A9D-BFEB-8846EEE0DDE4}.Debug|Any CPU.Build.0 = Debug|Any CPU
		{CEFDFF07-57C3-4A9D-BFEB-8846EEE0DDE4}.Release|Any CPU.ActiveCfg = Release|Any CPU
		{CEFDFF07-57C3-4A9D-BFEB-8846EEE0DDE4}.Release|Any CPU.Build.0 = Release|Any CPU
		{E97B3209-442B-40D6-8208-ED04B47CE89A}.Debug|Any CPU.ActiveCfg = Debug|Any CPU
		{E97B3209-442B-40D6-8208-ED04B47CE89A}.Debug|Any CPU.Build.0 = Debug|Any CPU
		{E97B3209-442B-40D6-8208-ED04B47CE89A}.Release|Any CPU.ActiveCfg = Release|Any CPU
		{E97B3209-442B-40D6-8208-ED04B47CE89A}.Release|Any CPU.Build.0 = Release|Any CPU
	EndGlobalSection
EndGlobal
